
Microsoft Visual Studio Solution File, Format Version 12.00
# Visual Studio Version 16
VisualStudioVersion = 16.0.30114.105
MinimumVisualStudioVersion = 10.0.40219.1
Project("{2150E333-8FDC-42A3-9474-1A3956D46DE8}") = "src", "src", "{84470C47-274A-4260-A482-84D544262521}"
EndProject
Project("{9A19103F-16F7-4668-BE54-9A1E7A4F7556}") = "CreditCardSplitter", "src\CreditCardSplitter\CreditCardSplitter.csproj", "{095A0AE8-1606-489A-AE45-5F93CD1A086A}"
EndProject
Project("{2150E333-8FDC-42A3-9474-1A3956D46DE8}") = "tests", "tests", "{E7C65B5E-54A4-4B5F-821C-EBC0AC36BF96}"
EndProject
Project("{2150E333-8FDC-42A3-9474-1A3956D46DE8}") = "Solution Items", "Solution Items", "{9ADB55AC-7F2F-4EC5-9E16-2C8EC5DE7E06}"
	ProjectSection(SolutionItems) = preProject
		.editorconfig = .editorconfig
		.gitattributes = .gitattributes
		.gitignore = .gitignore
		.travis.yml = .travis.yml
		.vsconfig = .vsconfig
		build.ps1 = build.ps1
		build.sh = build.sh
		cloudfront.js = cloudfront.js
		CODE_OF_CONDUCT.md = CODE_OF_CONDUCT.md
		CreditCardSplitter.ruleset = CreditCardSplitter.ruleset
		Directory.Build.props = Directory.Build.props
		Directory.Packages.props = Directory.Packages.props
		global.json = global.json
		README.md = README.md
		stylecop.json = stylecop.json
		update-dotnet-sdk.ps1 = update-dotnet-sdk.ps1
	EndProjectSection
EndProject
Project("{2150E333-8FDC-42A3-9474-1A3956D46DE8}") = ".github", ".github", "{6F17A49F-A190-4078-833F-479E67052223}"
	ProjectSection(SolutionItems) = preProject
		.github\CONTRIBUTING.md = .github\CONTRIBUTING.md
		.github\stale.yml = .github\stale.yml
	EndProjectSection
EndProject
Project("{2150E333-8FDC-42A3-9474-1A3956D46DE8}") = "workflows", "workflows", "{6A126F0F-DF2C-4918-AB3B-7E3F878B87EF}"
	ProjectSection(SolutionItems) = preProject
		.github\workflows\build.yml = .github\workflows\build.yml
		.github\workflows\update-dotnet-sdk.yml = .github\workflows\update-dotnet-sdk.yml
	EndProjectSection
EndProject
Project("{FAE04EC0-301F-11D3-BF4B-00C04F79EFBC}") = "CreditCardSplitter.Tests", "tests\CreditCardSplitter.Tests\CreditCardSplitter.Tests.csproj", "{687C2DA2-30EE-4667-9CFA-5FE1A81D100D}"
EndProject
Global
	GlobalSection(SolutionConfigurationPlatforms) = preSolution
		Debug|Any CPU = Debug|Any CPU
		Release|Any CPU = Release|Any CPU
	EndGlobalSection
	GlobalSection(ProjectConfigurationPlatforms) = postSolution
		{095A0AE8-1606-489A-AE45-5F93CD1A086A}.Debug|Any CPU.ActiveCfg = Debug|Any CPU
		{095A0AE8-1606-489A-AE45-5F93CD1A086A}.Debug|Any CPU.Build.0 = Debug|Any CPU
		{095A0AE8-1606-489A-AE45-5F93CD1A086A}.Release|Any CPU.ActiveCfg = Release|Any CPU
		{095A0AE8-1606-489A-AE45-5F93CD1A086A}.Release|Any CPU.Build.0 = Release|Any CPU
		{687C2DA2-30EE-4667-9CFA-5FE1A81D100D}.Debug|Any CPU.ActiveCfg = Debug|Any CPU
		{687C2DA2-30EE-4667-9CFA-5FE1A81D100D}.Debug|Any CPU.Build.0 = Debug|Any CPU
		{687C2DA2-30EE-4667-9CFA-5FE1A81D100D}.Release|Any CPU.ActiveCfg = Release|Any CPU
		{687C2DA2-30EE-4667-9CFA-5FE1A81D100D}.Release|Any CPU.Build.0 = Release|Any CPU
	EndGlobalSection
	GlobalSection(SolutionProperties) = preSolution
		HideSolutionNode = FALSE
	EndGlobalSection
	GlobalSection(NestedProjects) = preSolution
		{095A0AE8-1606-489A-AE45-5F93CD1A086A} = {84470C47-274A-4260-A482-84D544262521}
		{6F17A49F-A190-4078-833F-479E67052223} = {9ADB55AC-7F2F-4EC5-9E16-2C8EC5DE7E06}
		{6A126F0F-DF2C-4918-AB3B-7E3F878B87EF} = {6F17A49F-A190-4078-833F-479E67052223}
		{687C2DA2-30EE-4667-9CFA-5FE1A81D100D} = {E7C65B5E-54A4-4B5F-821C-EBC0AC36BF96}
	EndGlobalSection
	GlobalSection(ExtensibilityGlobals) = postSolution
		SolutionGuid = {030615FB-3415-457B-A2D2-601104744D62}
	EndGlobalSection
EndGlobal
